
Microsoft Visual Studio Solution File, Format Version 12.00
# Visual Studio Version 16
VisualStudioVersion = 16.0.32929.386
MinimumVisualStudioVersion = 10.0.40219.1
Project("{FAE04EC0-301F-11D3-BF4B-00C04F79EFBC}") = "WPF_Test1", "WPF_Test1\WPF_Test1.csproj", "{CFA4D62C-ABB5-4451-BA5D-E3E139E60EB7}"
EndProject
Global
	GlobalSection(SolutionConfigurationPlatforms) = preSolution
		Debug|Any CPU = Debug|Any CPU
		Release|Any CPU = Release|Any CPU
	EndGlobalSection
	GlobalSection(ProjectConfigurationPlatforms) = postSolution
		{CFA4D62C-ABB5-4451-BA5D-E3E139E60EB7}.Debug|Any CPU.ActiveCfg = Debug|Any CPU
		{CFA4D62C-ABB5-4451-BA5D-E3E139E60EB7}.Debug|Any CPU.Build.0 = Debug|Any CPU
		{CFA4D62C-ABB5-4451-BA5D-E3E139E60EB7}.Release|Any CPU.ActiveCfg = Release|Any CPU
		{CFA4D62C-ABB5-4451-BA5D-E3E139E60EB7}.Release|Any CPU.Build.0 = Release|Any CPU
	EndGlobalSection
	GlobalSection(SolutionProperties) = preSolution
		HideSolutionNode = FALSE
	EndGlobalSection
	GlobalSection(ExtensibilityGlobals) = postSolution
		SolutionGuid = {00397734-625C-43B0-8691-A455C8020C94}
	EndGlobalSection
EndGlobal
