
Microsoft Visual Studio Solution File, Format Version 12.00
# Visual Studio Version 16
VisualStudioVersion = 16.0.32929.386
MinimumVisualStudioVersion = 10.0.40219.1
Project("{FAE04EC0-301F-11D3-BF4B-00C04F79EFBC}") = "WPF_Test", "WPF_Test\WPF_Test.csproj", "{E6CC37E7-49C9-4DBD-8FF5-2876171AA303}"
EndProject
Project("{FAE04EC0-301F-11D3-BF4B-00C04F79EFBC}") = "Datenerfassung in CSV-Datei", "Datenerfassung in CSV-Datei\Datenerfassung in CSV-Datei.csproj", "{9AAC4C29-3BB3-472C-BF22-79AE7F9AF5FA}"
EndProject
Global
	GlobalSection(SolutionConfigurationPlatforms) = preSolution
		Debug|Any CPU = Debug|Any CPU
		Release|Any CPU = Release|Any CPU
	EndGlobalSection
	GlobalSection(ProjectConfigurationPlatforms) = postSolution
		{E6CC37E7-49C9-4DBD-8FF5-2876171AA303}.Debug|Any CPU.ActiveCfg = Debug|Any CPU
		{E6CC37E7-49C9-4DBD-8FF5-2876171AA303}.Debug|Any CPU.Build.0 = Debug|Any CPU
		{E6CC37E7-49C9-4DBD-8FF5-2876171AA303}.Release|Any CPU.ActiveCfg = Release|Any CPU
		{E6CC37E7-49C9-4DBD-8FF5-2876171AA303}.Release|Any CPU.Build.0 = Release|Any CPU
		{9AAC4C29-3BB3-472C-BF22-79AE7F9AF5FA}.Debug|Any CPU.ActiveCfg = Debug|Any CPU
		{9AAC4C29-3BB3-472C-BF22-79AE7F9AF5FA}.Debug|Any CPU.Build.0 = Debug|Any CPU
		{9AAC4C29-3BB3-472C-BF22-79AE7F9AF5FA}.Release|Any CPU.ActiveCfg = Release|Any CPU
		{9AAC4C29-3BB3-472C-BF22-79AE7F9AF5FA}.Release|Any CPU.Build.0 = Release|Any CPU
	EndGlobalSection
	GlobalSection(SolutionProperties) = preSolution
		HideSolutionNode = FALSE
	EndGlobalSection
	GlobalSection(ExtensibilityGlobals) = postSolution
		SolutionGuid = {00397734-625C-43B0-8691-A455C8020C94}
	EndGlobalSection
EndGlobal
